
Microsoft Visual Studio Solution File, Format Version 12.00
# Visual Studio Version 17
VisualStudioVersion = 17.9.34728.123
MinimumVisualStudioVersion = 10.0.40219.1
Project("{FAE04EC0-301F-11D3-BF4B-00C04F79EFBC}") = "13.06", "13.06.csproj", "{C1C1F465-32D5-42B7-AC8F-77749ECFE5E4}"
EndProject
Global
	GlobalSection(SolutionConfigurationPlatforms) = preSolution
		Debug|Any CPU = Debug|Any CPU
		Release|Any CPU = Release|Any CPU
	EndGlobalSection
	GlobalSection(ProjectConfigurationPlatforms) = postSolution
		{C1C1F465-32D5-42B7-AC8F-77749ECFE5E4}.Debug|Any CPU.ActiveCfg = Debug|Any CPU
		{C1C1F465-32D5-42B7-AC8F-77749ECFE5E4}.Debug|Any CPU.Build.0 = Debug|Any CPU
		{C1C1F465-32D5-42B7-AC8F-77749ECFE5E4}.Release|Any CPU.ActiveCfg = Release|Any CPU
		{C1C1F465-32D5-42B7-AC8F-77749ECFE5E4}.Release|Any CPU.Build.0 = Release|Any CPU
	EndGlobalSection
	GlobalSection(SolutionProperties) = preSolution
		HideSolutionNode = FALSE
	EndGlobalSection
	GlobalSection(ExtensibilityGlobals) = postSolution
		SolutionGuid = {5A6A5D6D-5FB2-41B5-BB35-CF64F0BA3AF4}
	EndGlobalSection
EndGlobal
